// !$*UTF8*$!
{
	archiveVersion = 1;
	classes = {
	};
	objectVersion = 46;
	objects = {

/* Begin PBXBuildFile section */
		48183FDF1B21131A00697A25 /* LeadJammer.swift in Sources */ = {isa = PBXBuildFile; fileRef = 48183FDE1B21131A00697A25 /* LeadJammer.swift */; };
		481840111B2220E900697A25 /* TrackScore.swift in Sources */ = {isa = PBXBuildFile; fileRef = 481840101B2220E900697A25 /* TrackScore.swift */; };
		48356CD11B2655D4000F36CA /* DataClass.swift in Sources */ = {isa = PBXBuildFile; fileRef = 48356CD01B2655D4000F36CA /* DataClass.swift */; };
		48356CD51B2A97F8000F36CA /* HomeTableStats.swift in Sources */ = {isa = PBXBuildFile; fileRef = 48356CD41B2A97F8000F36CA /* HomeTableStats.swift */; };
		48356CD71B2A9802000F36CA /* AwayTableStats.swift in Sources */ = {isa = PBXBuildFile; fileRef = 48356CD61B2A9802000F36CA /* AwayTableStats.swift */; };
		489875B41B17DB4300594D67 /* AppDelegate.swift in Sources */ = {isa = PBXBuildFile; fileRef = 489875B31B17DB4300594D67 /* AppDelegate.swift */; };
		489875B61B17DB4300594D67 /* SidelineStats.swift in Sources */ = {isa = PBXBuildFile; fileRef = 489875B51B17DB4300594D67 /* SidelineStats.swift */; };
		489875B91B17DB4300594D67 /* Main.storyboard in Resources */ = {isa = PBXBuildFile; fileRef = 489875B71B17DB4300594D67 /* Main.storyboard */; };
		489875BB1B17DB4300594D67 /* Images.xcassets in Resources */ = {isa = PBXBuildFile; fileRef = 489875BA1B17DB4300594D67 /* Images.xcassets */; };
		489875BE1B17DB4300594D67 /* LaunchScreen.xib in Resources */ = {isa = PBXBuildFile; fileRef = 489875BC1B17DB4300594D67 /* LaunchScreen.xib */; };
		489875CA1B17DB4300594D67 /* Sideline_StatsTests.swift in Sources */ = {isa = PBXBuildFile; fileRef = 489875C91B17DB4300594D67 /* Sideline_StatsTests.swift */; };
		48DC52DA1B1FC49300BBC2D2 /* Jammers.swift in Sources */ = {isa = PBXBuildFile; fileRef = 48DC52D91B1FC49300BBC2D2 /* Jammers.swift */; };
/* End PBXBuildFile section */

/* Begin PBXContainerItemProxy section */
		489875C41B17DB4300594D67 /* PBXContainerItemProxy */ = {
			isa = PBXContainerItemProxy;
			containerPortal = 489875A61B17DB4300594D67 /* Project object */;
			proxyType = 1;
			remoteGlobalIDString = 489875AD1B17DB4300594D67;
			remoteInfo = "Sideline Stats";
		};
/* End PBXContainerItemProxy section */

/* Begin PBXFileReference section */
		48183FDE1B21131A00697A25 /* LeadJammer.swift */ = {isa = PBXFileReference; fileEncoding = 4; lastKnownFileType = sourcecode.swift; name = LeadJammer.swift; path = ../LeadJammer.swift; sourceTree = "<group>"; };
		481840101B2220E900697A25 /* TrackScore.swift */ = {isa = PBXFileReference; fileEncoding = 4; lastKnownFileType = sourcecode.swift; path = TrackScore.swift; sourceTree = "<group>"; };
		48356CD01B2655D4000F36CA /* DataClass.swift */ = {isa = PBXFileReference; fileEncoding = 4; lastKnownFileType = sourcecode.swift; path = DataClass.swift; sourceTree = "<group>"; };
		48356CD41B2A97F8000F36CA /* HomeTableStats.swift */ = {isa = PBXFileReference; fileEncoding = 4; lastKnownFileType = sourcecode.swift; path = HomeTableStats.swift; sourceTree = "<group>"; };
		48356CD61B2A9802000F36CA /* AwayTableStats.swift */ = {isa = PBXFileReference; fileEncoding = 4; lastKnownFileType = sourcecode.swift; path = AwayTableStats.swift; sourceTree = "<group>"; };
		489875AE1B17DB4300594D67 /* Sideline Stats.app */ = {isa = PBXFileReference; explicitFileType = wrapper.application; includeInIndex = 0; path = "Sideline Stats.app"; sourceTree = BUILT_PRODUCTS_DIR; };
		489875B21B17DB4300594D67 /* Info.plist */ = {isa = PBXFileReference; lastKnownFileType = text.plist.xml; path = Info.plist; sourceTree = "<group>"; };
		489875B31B17DB4300594D67 /* AppDelegate.swift */ = {isa = PBXFileReference; lastKnownFileType = sourcecode.swift; path = AppDelegate.swift; sourceTree = "<group>"; };
		489875B51B17DB4300594D67 /* SidelineStats.swift */ = {isa = PBXFileReference; lastKnownFileType = sourcecode.swift; path = SidelineStats.swift; sourceTree = "<group>"; };
		489875B81B17DB4300594D67 /* Base */ = {isa = PBXFileReference; lastKnownFileType = file.storyboard; name = Base; path = Base.lproj/Main.storyboard; sourceTree = "<group>"; };
		489875BA1B17DB4300594D67 /* Images.xcassets */ = {isa = PBXFileReference; lastKnownFileType = folder.assetcatalog; path = Images.xcassets; sourceTree = "<group>"; };
		489875BD1B17DB4300594D67 /* Base */ = {isa = PBXFileReference; lastKnownFileType = file.xib; name = Base; path = Base.lproj/LaunchScreen.xib; sourceTree = "<group>"; };
		489875C31B17DB4300594D67 /* Sideline StatsTests.xctest */ = {isa = PBXFileReference; explicitFileType = wrapper.cfbundle; includeInIndex = 0; path = "Sideline StatsTests.xctest"; sourceTree = BUILT_PRODUCTS_DIR; };
		489875C81B17DB4300594D67 /* Info.plist */ = {isa = PBXFileReference; lastKnownFileType = text.plist.xml; path = Info.plist; sourceTree = "<group>"; };
		489875C91B17DB4300594D67 /* Sideline_StatsTests.swift */ = {isa = PBXFileReference; lastKnownFileType = sourcecode.swift; path = Sideline_StatsTests.swift; sourceTree = "<group>"; };
		48DC52D91B1FC49300BBC2D2 /* Jammers.swift */ = {isa = PBXFileReference; fileEncoding = 4; lastKnownFileType = sourcecode.swift; path = Jammers.swift; sourceTree = "<group>"; };
/* End PBXFileReference section */

/* Begin PBXFrameworksBuildPhase section */
		489875AB1B17DB4300594D67 /* Frameworks */ = {
			isa = PBXFrameworksBuildPhase;
			buildActionMask = 2147483647;
			files = (
			);
			runOnlyForDeploymentPostprocessing = 0;
		};
		489875C01B17DB4300594D67 /* Frameworks */ = {
			isa = PBXFrameworksBuildPhase;
			buildActionMask = 2147483647;
			files = (
			);
			runOnlyForDeploymentPostprocessing = 0;
		};
/* End PBXFrameworksBuildPhase section */

/* Begin PBXGroup section */
		489875A51B17DB4300594D67 = {
			isa = PBXGroup;
			children = (
				489875B01B17DB4300594D67 /* Sideline Stats */,
				489875C61B17DB4300594D67 /* Sideline StatsTests */,
				489875AF1B17DB4300594D67 /* Products */,
			);
			sourceTree = "<group>";
		};
		489875AF1B17DB4300594D67 /* Products */ = {
			isa = PBXGroup;
			children = (
				489875AE1B17DB4300594D67 /* Sideline Stats.app */,
				489875C31B17DB4300594D67 /* Sideline StatsTests.xctest */,
			);
			name = Products;
			sourceTree = "<group>";
		};
		489875B01B17DB4300594D67 /* Sideline Stats */ = {
			isa = PBXGroup;
			children = (
				489875B31B17DB4300594D67 /* AppDelegate.swift */,
				48183FDE1B21131A00697A25 /* LeadJammer.swift */,
				481840101B2220E900697A25 /* TrackScore.swift */,
				489875B51B17DB4300594D67 /* SidelineStats.swift */,
				48356CD01B2655D4000F36CA /* DataClass.swift */,
				489875B71B17DB4300594D67 /* Main.storyboard */,
				48356CD41B2A97F8000F36CA /* HomeTableStats.swift */,
				48356CD61B2A9802000F36CA /* AwayTableStats.swift */,
				48DC52D91B1FC49300BBC2D2 /* Jammers.swift */,
				489875BA1B17DB4300594D67 /* Images.xcassets */,
				489875BC1B17DB4300594D67 /* LaunchScreen.xib */,
				489875B11B17DB4300594D67 /* Supporting Files */,
			);
			path = "Sideline Stats";
			sourceTree = "<group>";
		};
		489875B11B17DB4300594D67 /* Supporting Files */ = {
			isa = PBXGroup;
			children = (
				489875B21B17DB4300594D67 /* Info.plist */,
			);
			name = "Supporting Files";
			sourceTree = "<group>";
		};
		489875C61B17DB4300594D67 /* Sideline StatsTests */ = {
			isa = PBXGroup;
			children = (
				489875C91B17DB4300594D67 /* Sideline_StatsTests.swift */,
				489875C71B17DB4300594D67 /* Supporting Files */,
			);
			path = "Sideline StatsTests";
			sourceTree = "<group>";
		};
		489875C71B17DB4300594D67 /* Supporting Files */ = {
			isa = PBXGroup;
			children = (
				489875C81B17DB4300594D67 /* Info.plist */,
			);
			name = "Supporting Files";
			sourceTree = "<group>";
		};
/* End PBXGroup section */

/* Begin PBXNativeTarget section */
		489875AD1B17DB4300594D67 /* Sideline Stats */ = {
			isa = PBXNativeTarget;
			buildConfigurationList = 489875CD1B17DB4300594D67 /* Build configuration list for PBXNativeTarget "Sideline Stats" */;
			buildPhases = (
				489875AA1B17DB4300594D67 /* Sources */,
				489875AB1B17DB4300594D67 /* Frameworks */,
				489875AC1B17DB4300594D67 /* Resources */,
			);
			buildRules = (
			);
			dependencies = (
			);
			name = "Sideline Stats";
			productName = "Sideline Stats";
			productReference = 489875AE1B17DB4300594D67 /* Sideline Stats.app */;
			productType = "com.apple.product-type.application";
		};
		489875C21B17DB4300594D67 /* Sideline StatsTests */ = {
			isa = PBXNativeTarget;
			buildConfigurationList = 489875D01B17DB4300594D67 /* Build configuration list for PBXNativeTarget "Sideline StatsTests" */;
			buildPhases = (
				489875BF1B17DB4300594D67 /* Sources */,
				489875C01B17DB4300594D67 /* Frameworks */,
				489875C11B17DB4300594D67 /* Resources */,
			);
			buildRules = (
			);
			dependencies = (
				489875C51B17DB4300594D67 /* PBXTargetDependency */,
			);
			name = "Sideline StatsTests";
			productName = "Sideline StatsTests";
			productReference = 489875C31B17DB4300594D67 /* Sideline StatsTests.xctest */;
			productType = "com.apple.product-type.bundle.unit-test";
		};
/* End PBXNativeTarget section */

/* Begin PBXProject section */
		489875A61B17DB4300594D67 /* Project object */ = {
			isa = PBXProject;
			attributes = {
				LastUpgradeCheck = 0630;
				ORGANIZATIONNAME = Caitlin;
				TargetAttributes = {
					489875AD1B17DB4300594D67 = {
						CreatedOnToolsVersion = 6.3.2;
					};
					489875C21B17DB4300594D67 = {
						CreatedOnToolsVersion = 6.3.2;
						TestTargetID = 489875AD1B17DB4300594D67;
					};
				};
			};
			buildConfigurationList = 489875A91B17DB4300594D67 /* Build configuration list for PBXProject "Sideline Stats" */;
			compatibilityVersion = "Xcode 3.2";
			developmentRegion = English;
			hasScannedForEncodings = 0;
			knownRegions = (
				en,
				Base,
			);
			mainGroup = 489875A51B17DB4300594D67;
			productRefGroup = 489875AF1B17DB4300594D67 /* Products */;
			projectDirPath = "";
			projectRoot = "";
			targets = (
				489875AD1B17DB4300594D67 /* Sideline Stats */,
				489875C21B17DB4300594D67 /* Sideline StatsTests */,
			);
		};
/* End PBXProject section */

/* Begin PBXResourcesBuildPhase section */
		489875AC1B17DB4300594D67 /* Resources */ = {
			isa = PBXResourcesBuildPhase;
			buildActionMask = 2147483647;
			files = (
				489875B91B17DB4300594D67 /* Main.storyboard in Resources */,
				489875BE1B17DB4300594D67 /* LaunchScreen.xib in Resources */,
				489875BB1B17DB4300594D67 /* Images.xcassets in Resources */,
			);
			runOnlyForDeploymentPostprocessing = 0;
		};
		489875C11B17DB4300594D67 /* Resources */ = {
			isa = PBXResourcesBuildPhase;
			buildActionMask = 2147483647;
			files = (
			);
			runOnlyForDeploymentPostprocessing = 0;
		};
/* End PBXResourcesBuildPhase section */

/* Begin PBXSourcesBuildPhase section */
		489875AA1B17DB4300594D67 /* Sources */ = {
			isa = PBXSourcesBuildPhase;
			buildActionMask = 2147483647;
			files = (
				48356CD71B2A9802000F36CA /* AwayTableStats.swift in Sources */,
				48356CD51B2A97F8000F36CA /* HomeTableStats.swift in Sources */,
				48356CD11B2655D4000F36CA /* DataClass.swift in Sources */,
				489875B61B17DB4300594D67 /* SidelineStats.swift in Sources */,
				48183FDF1B21131A00697A25 /* LeadJammer.swift in Sources */,
				48DC52DA1B1FC49300BBC2D2 /* Jammers.swift in Sources */,
				481840111B2220E900697A25 /* TrackScore.swift in Sources */,
				489875B41B17DB4300594D67 /* AppDelegate.swift in Sources */,
			);
			runOnlyForDeploymentPostprocessing = 0;
		};
		489875BF1B17DB4300594D67 /* Sources */ = {
			isa = PBXSourcesBuildPhase;
			buildActionMask = 2147483647;
			files = (
				489875CA1B17DB4300594D67 /* Sideline_StatsTests.swift in Sources */,
			);
			runOnlyForDeploymentPostprocessing = 0;
		};
/* End PBXSourcesBuildPhase section */

/* Begin PBXTargetDependency section */
		489875C51B17DB4300594D67 /* PBXTargetDependency */ = {
			isa = PBXTargetDependency;
			target = 489875AD1B17DB4300594D67 /* Sideline Stats */;
			targetProxy = 489875C41B17DB4300594D67 /* PBXContainerItemProxy */;
		};
/* End PBXTargetDependency section */

/* Begin PBXVariantGroup section */
		489875B71B17DB4300594D67 /* Main.storyboard */ = {
			isa = PBXVariantGroup;
			children = (
				489875B81B17DB4300594D67 /* Base */,
			);
			name = Main.storyboard;
			sourceTree = "<group>";
		};
		489875BC1B17DB4300594D67 /* LaunchScreen.xib */ = {
			isa = PBXVariantGroup;
			children = (
				489875BD1B17DB4300594D67 /* Base */,
			);
			name = LaunchScreen.xib;
			sourceTree = "<group>";
		};
/* End PBXVariantGroup section */

/* Begin XCBuildConfiguration section */
		489875CB1B17DB4300594D67 /* Debug */ = {
			isa = XCBuildConfiguration;
			buildSettings = {
				ALWAYS_SEARCH_USER_PATHS = NO;
				CLANG_CXX_LANGUAGE_STANDARD = "gnu++0x";
				CLANG_CXX_LIBRARY = "libc++";
				CLANG_ENABLE_MODULES = YES;
				CLANG_ENABLE_OBJC_ARC = YES;
				CLANG_WARN_BOOL_CONVERSION = YES;
				CLANG_WARN_CONSTANT_CONVERSION = YES;
				CLANG_WARN_DIRECT_OBJC_ISA_USAGE = YES_ERROR;
				CLANG_WARN_EMPTY_BODY = YES;
				CLANG_WARN_ENUM_CONVERSION = YES;
				CLANG_WARN_INT_CONVERSION = YES;
				CLANG_WARN_OBJC_ROOT_CLASS = YES_ERROR;
				CLANG_WARN_UNREACHABLE_CODE = YES;
				CLANG_WARN__DUPLICATE_METHOD_MATCH = YES;
				"CODE_SIGN_IDENTITY[sdk=iphoneos*]" = "iPhone Developer";
				COPY_PHASE_STRIP = NO;
				DEBUG_INFORMATION_FORMAT = "dwarf-with-dsym";
				ENABLE_STRICT_OBJC_MSGSEND = YES;
				GCC_C_LANGUAGE_STANDARD = gnu99;
				GCC_DYNAMIC_NO_PIC = NO;
				GCC_NO_COMMON_BLOCKS = YES;
				GCC_OPTIMIZATION_LEVEL = 0;
				GCC_PREPROCESSOR_DEFINITIONS = (
					"DEBUG=1",
					"$(inherited)",
				);
				GCC_SYMBOLS_PRIVATE_EXTERN = NO;
				GCC_WARN_64_TO_32_BIT_CONVERSION = YES;
				GCC_WARN_ABOUT_RETURN_TYPE = YES_ERROR;
				GCC_WARN_UNDECLARED_SELECTOR = YES;
				GCC_WARN_UNINITIALIZED_AUTOS = YES_AGGRESSIVE;
				GCC_WARN_UNUSED_FUNCTION = YES;
				GCC_WARN_UNUSED_VARIABLE = YES;
				IPHONEOS_DEPLOYMENT_TARGET = 8.3;
				MTL_ENABLE_DEBUG_INFO = YES;
				ONLY_ACTIVE_ARCH = YES;
				SDKROOT = iphoneos;
				SWIFT_OPTIMIZATION_LEVEL = "-Onone";
			};
			name = Debug;
		};
		489875CC1B17DB4300594D67 /* Release */ = {
			isa = XCBuildConfiguration;
			buildSettings = {
				ALWAYS_SEARCH_USER_PATHS = NO;
				CLANG_CXX_LANGUAGE_STANDARD = "gnu++0x";
				CLANG_CXX_LIBRARY = "libc++";
				CLANG_ENABLE_MODULES = YES;
				CLANG_ENABLE_OBJC_ARC = YES;
				CLANG_WARN_BOOL_CONVERSION = YES;
				CLANG_WARN_CONSTANT_CONVERSION = YES;
				CLANG_WARN_DIRECT_OBJC_ISA_USAGE = YES_ERROR;
				CLANG_WARN_EMPTY_BODY = YES;
				CLANG_WARN_ENUM_CONVERSION = YES;
				CLANG_WARN_INT_CONVERSION = YES;
				CLANG_WARN_OBJC_ROOT_CLASS = YES_ERROR;
				CLANG_WARN_UNREACHABLE_CODE = YES;
				CLANG_WARN__DUPLICATE_METHOD_MATCH = YES;
				"CODE_SIGN_IDENTITY[sdk=iphoneos*]" = "iPhone Developer";
				COPY_PHASE_STRIP = NO;
				DEBUG_INFORMATION_FORMAT = "dwarf-with-dsym";
				ENABLE_NS_ASSERTIONS = NO;
				ENABLE_STRICT_OBJC_MSGSEND = YES;
				GCC_C_LANGUAGE_STANDARD = gnu99;
				GCC_NO_COMMON_BLOCKS = YES;
				GCC_WARN_64_TO_32_BIT_CONVERSION = YES;
				GCC_WARN_ABOUT_RETURN_TYPE = YES_ERROR;
				GCC_WARN_UNDECLARED_SELECTOR = YES;
				GCC_WARN_UNINITIALIZED_AUTOS = YES_AGGRESSIVE;
				GCC_WARN_UNUSED_FUNCTION = YES;
				GCC_WARN_UNUSED_VARIABLE = YES;
				IPHONEOS_DEPLOYMENT_TARGET = 8.3;
				MTL_ENABLE_DEBUG_INFO = NO;
				SDKROOT = iphoneos;
				VALIDATE_PRODUCT = YES;
			};
			name = Release;
		};
		489875CE1B17DB4300594D67 /* Debug */ = {
			isa = XCBuildConfiguration;
			buildSettings = {
				ASSETCATALOG_COMPILER_APPICON_NAME = AppIcon;
				INFOPLIST_FILE = "Sideline Stats/Info.plist";
				LD_RUNPATH_SEARCH_PATHS = "$(inherited) @executable_path/Frameworks";
				PRODUCT_NAME = "$(TARGET_NAME)";
			};
			name = Debug;
		};
		489875CF1B17DB4300594D67 /* Release */ = {
			isa = XCBuildConfiguration;
			buildSettings = {
				ASSETCATALOG_COMPILER_APPICON_NAME = AppIcon;
				INFOPLIST_FILE = "Sideline Stats/Info.plist";
				LD_RUNPATH_SEARCH_PATHS = "$(inherited) @executable_path/Frameworks";
				PRODUCT_NAME = "$(TARGET_NAME)";
			};
			name = Release;
		};
		489875D11B17DB4300594D67 /* Debug */ = {
			isa = XCBuildConfiguration;
			buildSettings = {
				BUNDLE_LOADER = "$(TEST_HOST)";
				FRAMEWORK_SEARCH_PATHS = (
					"$(SDKROOT)/Developer/Library/Frameworks",
					"$(inherited)",
				);
				GCC_PREPROCESSOR_DEFINITIONS = (
					"DEBUG=1",
					"$(inherited)",
				);
				INFOPLIST_FILE = "Sideline StatsTests/Info.plist";
				LD_RUNPATH_SEARCH_PATHS = "$(inherited) @executable_path/Frameworks @loader_path/Frameworks";
				PRODUCT_NAME = "$(TARGET_NAME)";
				TEST_HOST = "$(BUILT_PRODUCTS_DIR)/Sideline Stats.app/Sideline Stats";
			};
			name = Debug;
		};
		489875D21B17DB4300594D67 /* Release */ = {
			isa = XCBuildConfiguration;
			buildSettings = {
				BUNDLE_LOADER = "$(TEST_HOST)";
				FRAMEWORK_SEARCH_PATHS = (
					"$(SDKROOT)/Developer/Library/Frameworks",
					"$(inherited)",
				);
				INFOPLIST_FILE = "Sideline StatsTests/Info.plist";
				LD_RUNPATH_SEARCH_PATHS = "$(inherited) @executable_path/Frameworks @loader_path/Frameworks";
				PRODUCT_NAME = "$(TARGET_NAME)";
				TEST_HOST = "$(BUILT_PRODUCTS_DIR)/Sideline Stats.app/Sideline Stats";
			};
			name = Release;
		};
/* End XCBuildConfiguration section */

/* Begin XCConfigurationList section */
		489875A91B17DB4300594D67 /* Build configuration list for PBXProject "Sideline Stats" */ = {
			isa = XCConfigurationList;
			buildConfigurations = (
				489875CB1B17DB4300594D67 /* Debug */,
				489875CC1B17DB4300594D67 /* Release */,
			);
			defaultConfigurationIsVisible = 0;
			defaultConfigurationName = Release;
		};
		489875CD1B17DB4300594D67 /* Build configuration list for PBXNativeTarget "Sideline Stats" */ = {
			isa = XCConfigurationList;
			buildConfigurations = (
				489875CE1B17DB4300594D67 /* Debug */,
				489875CF1B17DB4300594D67 /* Release */,
			);
			defaultConfigurationIsVisible = 0;
			defaultConfigurationName = Release;
		};
		489875D01B17DB4300594D67 /* Build configuration list for PBXNativeTarget "Sideline StatsTests" */ = {
			isa = XCConfigurationList;
			buildConfigurations = (
				489875D11B17DB4300594D67 /* Debug */,
				489875D21B17DB4300594D67 /* Release */,
			);
			defaultConfigurationIsVisible = 0;
			defaultConfigurationName = Release;
		};
/* End XCConfigurationList section */
	};
	rootObject = 489875A61B17DB4300594D67 /* Project object */;
}
